
Microsoft Visual Studio Solution File, Format Version 12.00
# Visual Studio 15
VisualStudioVersion = 15.0.27130.2036
MinimumVisualStudioVersion = 10.0.40219.1
Project("{FAE04EC0-301F-11D3-BF4B-00C04F79EFBC}") = "BCrypt加密", "BCrypt加密\BCrypt加密.csproj", "{20AE8381-E286-40FE-92EF-E7B5540BC4B1}"
EndProject
Project("{FAE04EC0-301F-11D3-BF4B-00C04F79EFBC}") = "继承测试", "继承测试\继承测试.csproj", "{1F0059F2-5158-4147-BD25-4F87B8057F4B}"
EndProject
Project("{FAE04EC0-301F-11D3-BF4B-00C04F79EFBC}") = "构造器测试", "构造器测试\构造器测试.csproj", "{3053FE8D-CFB7-45EE-B607-98DBA659D4B6}"
EndProject
Project("{FAE04EC0-301F-11D3-BF4B-00C04F79EFBC}") = "随机数重复测试", "随机数重复测试\随机数重复测试.csproj", "{8BB86B6C-135A-4D33-B4C6-0F986FB8D6BD}"
EndProject
Project("{FAE04EC0-301F-11D3-BF4B-00C04F79EFBC}") = "随机数上限设置", "随机数上限设置\随机数上限设置.csproj", "{A11BF8DE-D2D2-424E-9384-9A0B1834BB23}"
EndProject
Project("{FAE04EC0-301F-11D3-BF4B-00C04F79EFBC}") = "多线程回调测试", "多线程回调测试\多线程回调测试.csproj", "{61DC056B-0237-4842-B896-389956F21C65}"
EndProject
Project("{2150E333-8FDC-42A3-9474-1A3956D46DE8}") = "异步编程", "异步编程", "{7FF797ED-60F8-47C4-BB0C-DA63B5F37A42}"
EndProject
Project("{FAE04EC0-301F-11D3-BF4B-00C04F79EFBC}") = "异步", "异步\异步.csproj", "{1A90B43D-1A9C-4FAF-88D8-0E02B7082156}"
EndProject
Project("{FAE04EC0-301F-11D3-BF4B-00C04F79EFBC}") = "同步", "同步\同步.csproj", "{B02200A4-2A45-4B6E-916C-E5B55450F27E}"
EndProject
Project("{FAE04EC0-301F-11D3-BF4B-00C04F79EFBC}") = "委托", "委托\委托.csproj", "{14AA79FE-D4CF-42B6-B713-3451A61FB771}"
EndProject
Project("{2150E333-8FDC-42A3-9474-1A3956D46DE8}") = "DotnetCore", "DotnetCore", "{B0511695-6833-4A00-9E17-DF0BAE871840}"
EndProject
Project("{9A19103F-16F7-4668-BE54-9A1E7A4F7556}") = "TcpTest", "TcpTest\TcpTest.csproj", "{E55361AD-7192-4088-9B20-83148202E90F}"
EndProject
Project("{9A19103F-16F7-4668-BE54-9A1E7A4F7556}") = "生成月份区间列表", "生成月份区间列表\生成月份区间列表.csproj", "{EF2AA030-99BF-4FFE-91FB-967ECAC6C3CF}"
EndProject
Project("{9A19103F-16F7-4668-BE54-9A1E7A4F7556}") = "乱序排序", "乱序排序\乱序排序.csproj", "{433FB2C3-7CEB-47F4-B8F7-4C5201EC56CC}"
EndProject
Project("{9A19103F-16F7-4668-BE54-9A1E7A4F7556}") = "逻辑测试", "逻辑测试\逻辑测试.csproj", "{78919868-36B7-4918-9407-5835FE48F85D}"
EndProject
Project("{9A19103F-16F7-4668-BE54-9A1E7A4F7556}") = "获取零点时刻非0情况下的DayOfWeek", "获取零点时刻非0情况下的DayOfWeek\获取零点时刻非0情况下的DayOfWeek.csproj", "{82DFC850-930B-4DBC-8BDF-D74228893928}"
EndProject
Project("{2150E333-8FDC-42A3-9474-1A3956D46DE8}") = "Kafka", "Kafka", "{B69FA4E0-1D26-4526-ACF9-BBEE0A614478}"
EndProject
Project("{9A19103F-16F7-4668-BE54-9A1E7A4F7556}") = "Kafka客户端", "Kafka客户端\Kafka客户端.csproj", "{BA68C5EF-03B1-4E7D-9DEB-3010851F16BC}"
EndProject
Project("{9A19103F-16F7-4668-BE54-9A1E7A4F7556}") = "Kafka生产者", "Kafka生产者\Kafka生产者.csproj", "{300ED53F-AC94-4DCB-B58C-A8ABBDDC1485}"
EndProject
Project("{FAE04EC0-301F-11D3-BF4B-00C04F79EFBC}") = "AES加密解密", "AES加密解密\AES加密解密.csproj", "{6BE16461-72A4-4979-849D-B160A55C23F4}"
EndProject
Global
	GlobalSection(SolutionConfigurationPlatforms) = preSolution
		Debug|Any CPU = Debug|Any CPU
		Release|Any CPU = Release|Any CPU
	EndGlobalSection
	GlobalSection(ProjectConfigurationPlatforms) = postSolution
		{20AE8381-E286-40FE-92EF-E7B5540BC4B1}.Debug|Any CPU.ActiveCfg = Debug|Any CPU
		{20AE8381-E286-40FE-92EF-E7B5540BC4B1}.Debug|Any CPU.Build.0 = Debug|Any CPU
		{20AE8381-E286-40FE-92EF-E7B5540BC4B1}.Release|Any CPU.ActiveCfg = Release|Any CPU
		{20AE8381-E286-40FE-92EF-E7B5540BC4B1}.Release|Any CPU.Build.0 = Release|Any CPU
		{1F0059F2-5158-4147-BD25-4F87B8057F4B}.Debug|Any CPU.ActiveCfg = Debug|Any CPU
		{1F0059F2-5158-4147-BD25-4F87B8057F4B}.Debug|Any CPU.Build.0 = Debug|Any CPU
		{1F0059F2-5158-4147-BD25-4F87B8057F4B}.Release|Any CPU.ActiveCfg = Release|Any CPU
		{1F0059F2-5158-4147-BD25-4F87B8057F4B}.Release|Any CPU.Build.0 = Release|Any CPU
		{3053FE8D-CFB7-45EE-B607-98DBA659D4B6}.Debug|Any CPU.ActiveCfg = Debug|Any CPU
		{3053FE8D-CFB7-45EE-B607-98DBA659D4B6}.Debug|Any CPU.Build.0 = Debug|Any CPU
		{3053FE8D-CFB7-45EE-B607-98DBA659D4B6}.Release|Any CPU.ActiveCfg = Release|Any CPU
		{3053FE8D-CFB7-45EE-B607-98DBA659D4B6}.Release|Any CPU.Build.0 = Release|Any CPU
		{8BB86B6C-135A-4D33-B4C6-0F986FB8D6BD}.Debug|Any CPU.ActiveCfg = Debug|Any CPU
		{8BB86B6C-135A-4D33-B4C6-0F986FB8D6BD}.Debug|Any CPU.Build.0 = Debug|Any CPU
		{8BB86B6C-135A-4D33-B4C6-0F986FB8D6BD}.Release|Any CPU.ActiveCfg = Release|Any CPU
		{8BB86B6C-135A-4D33-B4C6-0F986FB8D6BD}.Release|Any CPU.Build.0 = Release|Any CPU
		{A11BF8DE-D2D2-424E-9384-9A0B1834BB23}.Debug|Any CPU.ActiveCfg = Debug|Any CPU
		{A11BF8DE-D2D2-424E-9384-9A0B1834BB23}.Debug|Any CPU.Build.0 = Debug|Any CPU
		{A11BF8DE-D2D2-424E-9384-9A0B1834BB23}.Release|Any CPU.ActiveCfg = Release|Any CPU
		{A11BF8DE-D2D2-424E-9384-9A0B1834BB23}.Release|Any CPU.Build.0 = Release|Any CPU
		{61DC056B-0237-4842-B896-389956F21C65}.Debug|Any CPU.ActiveCfg = Debug|Any CPU
		{61DC056B-0237-4842-B896-389956F21C65}.Debug|Any CPU.Build.0 = Debug|Any CPU
		{61DC056B-0237-4842-B896-389956F21C65}.Release|Any CPU.ActiveCfg = Release|Any CPU
		{61DC056B-0237-4842-B896-389956F21C65}.Release|Any CPU.Build.0 = Release|Any CPU
		{1A90B43D-1A9C-4FAF-88D8-0E02B7082156}.Debug|Any CPU.ActiveCfg = Debug|Any CPU
		{1A90B43D-1A9C-4FAF-88D8-0E02B7082156}.Debug|Any CPU.Build.0 = Debug|Any CPU
		{1A90B43D-1A9C-4FAF-88D8-0E02B7082156}.Release|Any CPU.ActiveCfg = Release|Any CPU
		{1A90B43D-1A9C-4FAF-88D8-0E02B7082156}.Release|Any CPU.Build.0 = Release|Any CPU
		{B02200A4-2A45-4B6E-916C-E5B55450F27E}.Debug|Any CPU.ActiveCfg = Debug|Any CPU
		{B02200A4-2A45-4B6E-916C-E5B55450F27E}.Debug|Any CPU.Build.0 = Debug|Any CPU
		{B02200A4-2A45-4B6E-916C-E5B55450F27E}.Release|Any CPU.ActiveCfg = Release|Any CPU
		{B02200A4-2A45-4B6E-916C-E5B55450F27E}.Release|Any CPU.Build.0 = Release|Any CPU
		{14AA79FE-D4CF-42B6-B713-3451A61FB771}.Debug|Any CPU.ActiveCfg = Debug|Any CPU
		{14AA79FE-D4CF-42B6-B713-3451A61FB771}.Debug|Any CPU.Build.0 = Debug|Any CPU
		{14AA79FE-D4CF-42B6-B713-3451A61FB771}.Release|Any CPU.ActiveCfg = Release|Any CPU
		{14AA79FE-D4CF-42B6-B713-3451A61FB771}.Release|Any CPU.Build.0 = Release|Any CPU
		{E55361AD-7192-4088-9B20-83148202E90F}.Debug|Any CPU.ActiveCfg = Debug|Any CPU
		{E55361AD-7192-4088-9B20-83148202E90F}.Debug|Any CPU.Build.0 = Debug|Any CPU
		{E55361AD-7192-4088-9B20-83148202E90F}.Release|Any CPU.ActiveCfg = Release|Any CPU
		{E55361AD-7192-4088-9B20-83148202E90F}.Release|Any CPU.Build.0 = Release|Any CPU
		{EF2AA030-99BF-4FFE-91FB-967ECAC6C3CF}.Debug|Any CPU.ActiveCfg = Debug|Any CPU
		{EF2AA030-99BF-4FFE-91FB-967ECAC6C3CF}.Debug|Any CPU.Build.0 = Debug|Any CPU
		{EF2AA030-99BF-4FFE-91FB-967ECAC6C3CF}.Release|Any CPU.ActiveCfg = Release|Any CPU
		{EF2AA030-99BF-4FFE-91FB-967ECAC6C3CF}.Release|Any CPU.Build.0 = Release|Any CPU
		{433FB2C3-7CEB-47F4-B8F7-4C5201EC56CC}.Debug|Any CPU.ActiveCfg = Debug|Any CPU
		{433FB2C3-7CEB-47F4-B8F7-4C5201EC56CC}.Debug|Any CPU.Build.0 = Debug|Any CPU
		{433FB2C3-7CEB-47F4-B8F7-4C5201EC56CC}.Release|Any CPU.ActiveCfg = Release|Any CPU
		{433FB2C3-7CEB-47F4-B8F7-4C5201EC56CC}.Release|Any CPU.Build.0 = Release|Any CPU
		{78919868-36B7-4918-9407-5835FE48F85D}.Debug|Any CPU.ActiveCfg = Debug|Any CPU
		{78919868-36B7-4918-9407-5835FE48F85D}.Debug|Any CPU.Build.0 = Debug|Any CPU
		{78919868-36B7-4918-9407-5835FE48F85D}.Release|Any CPU.ActiveCfg = Release|Any CPU
		{78919868-36B7-4918-9407-5835FE48F85D}.Release|Any CPU.Build.0 = Release|Any CPU
		{82DFC850-930B-4DBC-8BDF-D74228893928}.Debug|Any CPU.ActiveCfg = Debug|Any CPU
		{82DFC850-930B-4DBC-8BDF-D74228893928}.Debug|Any CPU.Build.0 = Debug|Any CPU
		{82DFC850-930B-4DBC-8BDF-D74228893928}.Release|Any CPU.ActiveCfg = Release|Any CPU
		{82DFC850-930B-4DBC-8BDF-D74228893928}.Release|Any CPU.Build.0 = Release|Any CPU
		{BA68C5EF-03B1-4E7D-9DEB-3010851F16BC}.Debug|Any CPU.ActiveCfg = Debug|Any CPU
		{BA68C5EF-03B1-4E7D-9DEB-3010851F16BC}.Debug|Any CPU.Build.0 = Debug|Any CPU
		{BA68C5EF-03B1-4E7D-9DEB-3010851F16BC}.Release|Any CPU.ActiveCfg = Release|Any CPU
		{BA68C5EF-03B1-4E7D-9DEB-3010851F16BC}.Release|Any CPU.Build.0 = Release|Any CPU
		{300ED53F-AC94-4DCB-B58C-A8ABBDDC1485}.Debug|Any CPU.ActiveCfg = Debug|Any CPU
		{300ED53F-AC94-4DCB-B58C-A8ABBDDC1485}.Debug|Any CPU.Build.0 = Debug|Any CPU
		{300ED53F-AC94-4DCB-B58C-A8ABBDDC1485}.Release|Any CPU.ActiveCfg = Release|Any CPU
		{300ED53F-AC94-4DCB-B58C-A8ABBDDC1485}.Release|Any CPU.Build.0 = Release|Any CPU
		{6BE16461-72A4-4979-849D-B160A55C23F4}.Debug|Any CPU.ActiveCfg = Debug|Any CPU
		{6BE16461-72A4-4979-849D-B160A55C23F4}.Debug|Any CPU.Build.0 = Debug|Any CPU
		{6BE16461-72A4-4979-849D-B160A55C23F4}.Release|Any CPU.ActiveCfg = Release|Any CPU
		{6BE16461-72A4-4979-849D-B160A55C23F4}.Release|Any CPU.Build.0 = Release|Any CPU
	EndGlobalSection
	GlobalSection(SolutionProperties) = preSolution
		HideSolutionNode = FALSE
	EndGlobalSection
	GlobalSection(NestedProjects) = preSolution
		{1A90B43D-1A9C-4FAF-88D8-0E02B7082156} = {7FF797ED-60F8-47C4-BB0C-DA63B5F37A42}
		{B02200A4-2A45-4B6E-916C-E5B55450F27E} = {7FF797ED-60F8-47C4-BB0C-DA63B5F37A42}
		{E55361AD-7192-4088-9B20-83148202E90F} = {B0511695-6833-4A00-9E17-DF0BAE871840}
		{BA68C5EF-03B1-4E7D-9DEB-3010851F16BC} = {B69FA4E0-1D26-4526-ACF9-BBEE0A614478}
		{300ED53F-AC94-4DCB-B58C-A8ABBDDC1485} = {B69FA4E0-1D26-4526-ACF9-BBEE0A614478}
	EndGlobalSection
	GlobalSection(ExtensibilityGlobals) = postSolution
		SolutionGuid = {03D570E0-31B5-4F4C-AC1D-D7E444391AB5}
	EndGlobalSection
EndGlobal
